
Microsoft Visual Studio Solution File, Format Version 12.00
# Visual Studio Version 17
VisualStudioVersion = 17.0.32014.148
MinimumVisualStudioVersion = 10.0.40219.1
Project("{9A19103F-16F7-4668-BE54-9A1E7A4F7556}") = "RecipeApi.WebApi", "RecipeApi.WebApi\RecipeApi.WebApi.csproj", "{013DE1E2-74D7-467E-AD03-FBA4A2762A7A}"
EndProject
Project("{9A19103F-16F7-4668-BE54-9A1E7A4F7556}") = "RecipeApi.Business", "RecipeApi.Business\RecipeApi.Business.csproj", "{BBD7B825-A1D4-4648-82FE-02F2F04D744D}"
EndProject
Project("{FAE04EC0-301F-11D3-BF4B-00C04F79EFBC}") = "RecipeApi.Data", "RecipeApi.Data\RecipeApi.Data.csproj", "{946F98AD-7657-400F-A5B6-A481A25227B8}"
EndProject
Project("{FAE04EC0-301F-11D3-BF4B-00C04F79EFBC}") = "RecipeApi.Shared", "RecipeApi.Shared\RecipeApi.Shared.csproj", "{40FB89D9-60B7-42B1-8E73-FCB6C24E5DCE}"
EndProject
Project("{FAE04EC0-301F-11D3-BF4B-00C04F79EFBC}") = "RecipeApi.Tests", "RecipeApi.Tests\RecipeApi.Tests.csproj", "{28AF412B-A469-4209-9C35-63E6F393F86A}"
EndProject
Global
	GlobalSection(SolutionConfigurationPlatforms) = preSolution
		Debug|Any CPU = Debug|Any CPU
		Release|Any CPU = Release|Any CPU
	EndGlobalSection
	GlobalSection(ProjectConfigurationPlatforms) = postSolution
		{013DE1E2-74D7-467E-AD03-FBA4A2762A7A}.Debug|Any CPU.ActiveCfg = Debug|Any CPU
		{013DE1E2-74D7-467E-AD03-FBA4A2762A7A}.Debug|Any CPU.Build.0 = Debug|Any CPU
		{013DE1E2-74D7-467E-AD03-FBA4A2762A7A}.Release|Any CPU.ActiveCfg = Release|Any CPU
		{013DE1E2-74D7-467E-AD03-FBA4A2762A7A}.Release|Any CPU.Build.0 = Release|Any CPU
		{BBD7B825-A1D4-4648-82FE-02F2F04D744D}.Debug|Any CPU.ActiveCfg = Debug|Any CPU
		{BBD7B825-A1D4-4648-82FE-02F2F04D744D}.Debug|Any CPU.Build.0 = Debug|Any CPU
		{BBD7B825-A1D4-4648-82FE-02F2F04D744D}.Release|Any CPU.ActiveCfg = Release|Any CPU
		{BBD7B825-A1D4-4648-82FE-02F2F04D744D}.Release|Any CPU.Build.0 = Release|Any CPU
		{946F98AD-7657-400F-A5B6-A481A25227B8}.Debug|Any CPU.ActiveCfg = Debug|Any CPU
		{946F98AD-7657-400F-A5B6-A481A25227B8}.Debug|Any CPU.Build.0 = Debug|Any CPU
		{946F98AD-7657-400F-A5B6-A481A25227B8}.Release|Any CPU.ActiveCfg = Release|Any CPU
		{946F98AD-7657-400F-A5B6-A481A25227B8}.Release|Any CPU.Build.0 = Release|Any CPU
		{40FB89D9-60B7-42B1-8E73-FCB6C24E5DCE}.Debug|Any CPU.ActiveCfg = Debug|Any CPU
		{40FB89D9-60B7-42B1-8E73-FCB6C24E5DCE}.Debug|Any CPU.Build.0 = Debug|Any CPU
		{40FB89D9-60B7-42B1-8E73-FCB6C24E5DCE}.Release|Any CPU.ActiveCfg = Release|Any CPU
		{40FB89D9-60B7-42B1-8E73-FCB6C24E5DCE}.Release|Any CPU.Build.0 = Release|Any CPU
		{28AF412B-A469-4209-9C35-63E6F393F86A}.Debug|Any CPU.ActiveCfg = Debug|Any CPU
		{28AF412B-A469-4209-9C35-63E6F393F86A}.Debug|Any CPU.Build.0 = Debug|Any CPU
		{28AF412B-A469-4209-9C35-63E6F393F86A}.Release|Any CPU.ActiveCfg = Release|Any CPU
		{28AF412B-A469-4209-9C35-63E6F393F86A}.Release|Any CPU.Build.0 = Release|Any CPU
	EndGlobalSection
	GlobalSection(SolutionProperties) = preSolution
		HideSolutionNode = FALSE
	EndGlobalSection
	GlobalSection(ExtensibilityGlobals) = postSolution
		SolutionGuid = {9DE70AA2-249D-4EC7-B034-826E4C5E07CF}
	EndGlobalSection
EndGlobal
